<?xml version="1.0" encoding="utf-8"?>
<Project ToolsVersion="4.0" xmlns="http://schemas.microsoft.com/developer/msbuild/2003">
  <ItemGroup>
    <None Include="package.json" />
    <None Include="README.md" />
    <None Include="Gruntfile.js" />
    <None Include="io-package.json" />
    <None Include="admin\index.html">
      <Filter>admin</Filter>
    </None>
    <None Include="lib\utils.js">
      <Filter>lib</Filter>
    </None>
    <None Include="tasks\jshint.js">
      <Filter>tasks</Filter>
    </None>
    <None Include="tasks\jscs.js">
      <Filter>tasks</Filter>
    </None>
    <None Include="tasks\jscsRules.js">
      <Filter>tasks</Filter>
    </None>
    <None Include="widgets\template.html">
      <Filter>widgets</Filter>
    </None>
    <None Include="widgets\template\css\style.css">
      <Filter>widgets\template\css</Filter>
    </None>
    <None Include="widgets\template\img\test.png">
      <Filter>widgets\template\img</Filter>
    </None>
    <None Include="widgets\template\js\template.js">
      <Filter>widgets\template\js</Filter>
    </None>
    <None Include="www\README.md">
      <Filter>www</Filter>
    </None>
    <None Include="www\index.html">
      <Filter>www</Filter>
    </None>
    <None Include="readme.txt" />
    <None Include="HomeControl.js" />
  </ItemGroup>
  <ItemGroup>
    <Filter Include="www">
      <UniqueIdentifier>{1dac96ec-f5de-4985-80c4-4e0cfc61adaf}</UniqueIdentifier>
    </Filter>
    <Filter Include="widgets">
      <UniqueIdentifier>{2eeda8a1-1b17-4f00-a320-448e96e5fcff}</UniqueIdentifier>
    </Filter>
    <Filter Include="tasks">
      <UniqueIdentifier>{53cbf02b-d1b5-4235-bc2c-25efede5c1eb}</UniqueIdentifier>
    </Filter>
    <Filter Include="lib">
      <UniqueIdentifier>{269a62aa-63e4-4d81-ad2f-ae259fa47e66}</UniqueIdentifier>
    </Filter>
    <Filter Include="admin">
      <UniqueIdentifier>{8637fcc0-25d1-4fba-8471-5931728a2c41}</UniqueIdentifier>
    </Filter>
    <Filter Include="widgets\template">
      <UniqueIdentifier>{17e39722-7d28-4efa-b049-26c5273d7744}</UniqueIdentifier>
    </Filter>
    <Filter Include="widgets\template\css">
      <UniqueIdentifier>{17db8a8d-0473-4dc3-aec6-c6d689acc167}</UniqueIdentifier>
    </Filter>
    <Filter Include="widgets\template\img">
      <UniqueIdentifier>{5a02d25c-2b21-4018-8f6e-72e1f8b017ee}</UniqueIdentifier>
    </Filter>
    <Filter Include="widgets\template\js">
      <UniqueIdentifier>{f75abfc8-55d3-4b4a-8752-baaadb299fa1}</UniqueIdentifier>
    </Filter>
  </ItemGroup>
</Project>